{
  "name": "dreamco-control-tower-backend",
  "version": "1.0.0",
  "lockfileVersion": 3,
  "requires": true,
  "packages": {
    "": {
      "name": "dreamco-control-tower-backend",
      "version": "1.0.0",
      "dependencies": {
        "@octokit/rest": "^20.0.2",
        "express": "^4.18.2"
      }
    }
  }
}
